{
  "nodes": {
    "flake-parts": {
      "inputs": {
        "nixpkgs-lib": "nixpkgs-lib"
      },
      "locked": {
        "lastModified": 1778716662,
        "narHash": "sha256-m1Yf0wZ8j1OHjTc2UwHwyQRSnNeSgLJOd7q5Y45hzi4=",
        "owner": "hercules-ci",
        "repo": "flake-parts",
        "rev": "f7c1a2d347e4c52d5fb8d10cb4d94b5884e546fb",
        "type": "github"
      },
      "original": {
        "owner": "hercules-ci",
        "repo": "flake-parts",
        "type": "github"
      }
    },
    "ksysguard6": {
      "flake": false,
      "locked": {
        "lastModified": 1776709578,
        "narHash": "sha256-HIbXTAhmlM75yiIm7qDEs8Hqr9ni+gZ5/oMLpk37iRU=",
        "owner": "zvova7890",
        "repo": "ksysguard6",
        "rev": "6719a6085758705eea76b6b7f1eba751487f67dc",
        "type": "github"
      },
      "original": {
        "owner": "zvova7890",
        "repo": "ksysguard6",
        "type": "github"
      }
    },
    "nixpkgs": {
      "locked": {
        "lastModified": 1778443072,
        "narHash": "sha256-zi7/fsqM/kFdNuED//4WOCUtezGtKKqRNORjMvfwjnA=",
        "owner": "nixos",
        "repo": "nixpkgs",
        "rev": "da5ad661ba4e5ef59ba743f0d112cbc30e474f32",
        "type": "github"
      },
      "original": {
        "owner": "nixos",
        "ref": "nixos-unstable",
        "repo": "nixpkgs",
        "type": "github"
      }
    },
    "nixpkgs-lib": {
      "locked": {
        "lastModified": 1777168982,
        "narHash": "sha256-GOkGPcboWE9BmGCRMLX3worL4EMnsnG8MyKmXNeYuhQ=",
        "owner": "nix-community",
        "repo": "nixpkgs.lib",
        "rev": "f5901329dade4a6ea039af1433fb087bd9c1fe14",
        "type": "github"
      },
      "original": {
        "owner": "nix-community",
        "repo": "nixpkgs.lib",
        "type": "github"
      }
    },
    "root": {
      "inputs": {
        "flake-parts": "flake-parts",
        "ksysguard6": "ksysguard6",
        "nixpkgs": "nixpkgs",
        "videoduplicatefinder": "videoduplicatefinder"
      }
    },
    "videoduplicatefinder": {
      "flake": false,
      "locked": {
        "lastModified": 1778673480,
        "narHash": "sha256-30k1qEehmi0dweawS2kj7vcTZhSajcAUsVOh8bTGqeo=",
        "owner": "0x90d",
        "repo": "videoduplicatefinder",
        "rev": "729c7cb73a9b6003b069986468ecab94fd82ed22",
        "type": "github"
      },
      "original": {
        "owner": "0x90d",
        "repo": "videoduplicatefinder",
        "type": "github"
      }
    }
  },
  "root": "root",
  "version": 7
}
